// !$*UTF8*$!
{
	archiveVersion = 1;
	classes = {
	};
	objectVersion = 46;
	objects = {

/* Begin PBXBuildFile section */
		5FBE45931EED449900D47EE9 /* main.m in Sources */ = {isa = PBXBuildFile; fileRef = 5FBE45921EED449900D47EE9 /* main.m */; };
		5FBE45961EED449900D47EE9 /* AppDelegate.m in Sources */ = {isa = PBXBuildFile; fileRef = 5FBE45951EED449900D47EE9 /* AppDelegate.m */; };
		5FBE45991EED449900D47EE9 /* ViewController.m in Sources */ = {isa = PBXBuildFile; fileRef = 5FBE45981EED449900D47EE9 /* ViewController.m */; };
		5FBE459C1EED449900D47EE9 /* Main.storyboard in Resources */ = {isa = PBXBuildFile; fileRef = 5FBE459A1EED449900D47EE9 /* Main.storyboard */; };
		5FBE459E1EED449900D47EE9 /* Assets.xcassets in Resources */ = {isa = PBXBuildFile; fileRef = 5FBE459D1EED449900D47EE9 /* Assets.xcassets */; };
		5FBE45A11EED449900D47EE9 /* LaunchScreen.storyboard in Resources */ = {isa = PBXBuildFile; fileRef = 5FBE459F1EED449900D47EE9 /* LaunchScreen.storyboard */; };
		5FBE45AD1EED44C200D47EE9 /* PDMenu.m in Sources */ = {isa = PBXBuildFile; fileRef = 5FBE45AA1EED44C200D47EE9 /* PDMenu.m */; };
		5FBE45AE1EED44C200D47EE9 /* PDMenuCell.m in Sources */ = {isa = PBXBuildFile; fileRef = 5FBE45AC1EED44C200D47EE9 /* PDMenuCell.m */; };
/* End PBXBuildFile section */

/* Begin PBXFileReference section */
		5FBE458E1EED449900D47EE9 /* PDMenuDemo.app */ = {isa = PBXFileReference; explicitFileType = wrapper.application; includeInIndex = 0; path = PDMenuDemo.app; sourceTree = BUILT_PRODUCTS_DIR; };
		5FBE45921EED449900D47EE9 /* main.m */ = {isa = PBXFileReference; lastKnownFileType = sourcecode.c.objc; path = main.m; sourceTree = "<group>"; };
		5FBE45941EED449900D47EE9 /* AppDelegate.h */ = {isa = PBXFileReference; lastKnownFileType = sourcecode.c.h; path = AppDelegate.h; sourceTree = "<group>"; };
		5FBE45951EED449900D47EE9 /* AppDelegate.m */ = {isa = PBXFileReference; lastKnownFileType = sourcecode.c.objc; path = AppDelegate.m; sourceTree = "<group>"; };
		5FBE45971EED449900D47EE9 /* ViewController.h */ = {isa = PBXFileReference; lastKnownFileType = sourcecode.c.h; path = ViewController.h; sourceTree = "<group>"; };
		5FBE45981EED449900D47EE9 /* ViewController.m */ = {isa = PBXFileReference; lastKnownFileType = sourcecode.c.objc; path = ViewController.m; sourceTree = "<group>"; };
		5FBE459B1EED449900D47EE9 /* Base */ = {isa = PBXFileReference; lastKnownFileType = file.storyboard; name = Base; path = Base.lproj/Main.storyboard; sourceTree = "<group>"; };
		5FBE459D1EED449900D47EE9 /* Assets.xcassets */ = {isa = PBXFileReference; lastKnownFileType = folder.assetcatalog; path = Assets.xcassets; sourceTree = "<group>"; };
		5FBE45A01EED449900D47EE9 /* Base */ = {isa = PBXFileReference; lastKnownFileType = file.storyboard; name = Base; path = Base.lproj/LaunchScreen.storyboard; sourceTree = "<group>"; };
		5FBE45A21EED449900D47EE9 /* Info.plist */ = {isa = PBXFileReference; lastKnownFileType = text.plist.xml; path = Info.plist; sourceTree = "<group>"; };
		5FBE45A91EED44C200D47EE9 /* PDMenu.h */ = {isa = PBXFileReference; fileEncoding = 4; lastKnownFileType = sourcecode.c.h; path = PDMenu.h; sourceTree = "<group>"; };
		5FBE45AA1EED44C200D47EE9 /* PDMenu.m */ = {isa = PBXFileReference; fileEncoding = 4; lastKnownFileType = sourcecode.c.objc; path = PDMenu.m; sourceTree = "<group>"; };
		5FBE45AB1EED44C200D47EE9 /* PDMenuCell.h */ = {isa = PBXFileReference; fileEncoding = 4; lastKnownFileType = sourcecode.c.h; path = PDMenuCell.h; sourceTree = "<group>"; };
		5FBE45AC1EED44C200D47EE9 /* PDMenuCell.m */ = {isa = PBXFileReference; fileEncoding = 4; lastKnownFileType = sourcecode.c.objc; path = PDMenuCell.m; sourceTree = "<group>"; };
/* End PBXFileReference section */

/* Begin PBXFrameworksBuildPhase section */
		5FBE458B1EED449900D47EE9 /* Frameworks */ = {
			isa = PBXFrameworksBuildPhase;
			buildActionMask = 2147483647;
			files = (
			);
			runOnlyForDeploymentPostprocessing = 0;
		};
/* End PBXFrameworksBuildPhase section */

/* Begin PBXGroup section */
		5FBE45851EED449900D47EE9 = {
			isa = PBXGroup;
			children = (
				5FBE45901EED449900D47EE9 /* PDMenuDemo */,
				5FBE458F1EED449900D47EE9 /* Products */,
			);
			sourceTree = "<group>";
		};
		5FBE458F1EED449900D47EE9 /* Products */ = {
			isa = PBXGroup;
			children = (
				5FBE458E1EED449900D47EE9 /* PDMenuDemo.app */,
			);
			name = Products;
			sourceTree = "<group>";
		};
		5FBE45901EED449900D47EE9 /* PDMenuDemo */ = {
			isa = PBXGroup;
			children = (
				5FBE45941EED449900D47EE9 /* AppDelegate.h */,
				5FBE45951EED449900D47EE9 /* AppDelegate.m */,
				5FBE45971EED449900D47EE9 /* ViewController.h */,
				5FBE45981EED449900D47EE9 /* ViewController.m */,
				5FBE45A81EED44C200D47EE9 /* PDMenu */,
				5FBE459A1EED449900D47EE9 /* Main.storyboard */,
				5FBE459D1EED449900D47EE9 /* Assets.xcassets */,
				5FBE459F1EED449900D47EE9 /* LaunchScreen.storyboard */,
				5FBE45A21EED449900D47EE9 /* Info.plist */,
				5FBE45911EED449900D47EE9 /* Supporting Files */,
			);
			path = PDMenuDemo;
			sourceTree = "<group>";
		};
		5FBE45911EED449900D47EE9 /* Supporting Files */ = {
			isa = PBXGroup;
			children = (
				5FBE45921EED449900D47EE9 /* main.m */,
			);
			name = "Supporting Files";
			sourceTree = "<group>";
		};
		5FBE45A81EED44C200D47EE9 /* PDMenu */ = {
			isa = PBXGroup;
			children = (
				5FBE45A91EED44C200D47EE9 /* PDMenu.h */,
				5FBE45AA1EED44C200D47EE9 /* PDMenu.m */,
				5FBE45AB1EED44C200D47EE9 /* PDMenuCell.h */,
				5FBE45AC1EED44C200D47EE9 /* PDMenuCell.m */,
			);
			path = PDMenu;
			sourceTree = "<group>";
		};
/* End PBXGroup section */

/* Begin PBXNativeTarget section */
		5FBE458D1EED449900D47EE9 /* PDMenuDemo */ = {
			isa = PBXNativeTarget;
			buildConfigurationList = 5FBE45A51EED449900D47EE9 /* Build configuration list for PBXNativeTarget "PDMenuDemo" */;
			buildPhases = (
				5FBE458A1EED449900D47EE9 /* Sources */,
				5FBE458B1EED449900D47EE9 /* Frameworks */,
				5FBE458C1EED449900D47EE9 /* Resources */,
			);
			buildRules = (
			);
			dependencies = (
			);
			name = PDMenuDemo;
			productName = PDMenuDemo;
			productReference = 5FBE458E1EED449900D47EE9 /* PDMenuDemo.app */;
			productType = "com.apple.product-type.application";
		};
/* End PBXNativeTarget section */

/* Begin PBXProject section */
		5FBE45861EED449900D47EE9 /* Project object */ = {
			isa = PBXProject;
			attributes = {
				LastUpgradeCheck = 0820;
				ORGANIZATIONNAME = songmeng;
				TargetAttributes = {
					5FBE458D1EED449900D47EE9 = {
						CreatedOnToolsVersion = 8.2.1;
						ProvisioningStyle = Automatic;
					};
				};
			};
			buildConfigurationList = 5FBE45891EED449900D47EE9 /* Build configuration list for PBXProject "PDMenuDemo" */;
			compatibilityVersion = "Xcode 3.2";
			developmentRegion = English;
			hasScannedForEncodings = 0;
			knownRegions = (
				en,
				Base,
			);
			mainGroup = 5FBE45851EED449900D47EE9;
			productRefGroup = 5FBE458F1EED449900D47EE9 /* Products */;
			projectDirPath = "";
			projectRoot = "";
			targets = (
				5FBE458D1EED449900D47EE9 /* PDMenuDemo */,
			);
		};
/* End PBXProject section */

/* Begin PBXResourcesBuildPhase section */
		5FBE458C1EED449900D47EE9 /* Resources */ = {
			isa = PBXResourcesBuildPhase;
			buildActionMask = 2147483647;
			files = (
				5FBE45A11EED449900D47EE9 /* LaunchScreen.storyboard in Resources */,
				5FBE459E1EED449900D47EE9 /* Assets.xcassets in Resources */,
				5FBE459C1EED449900D47EE9 /* Main.storyboard in Resources */,
			);
			runOnlyForDeploymentPostprocessing = 0;
		};
/* End PBXResourcesBuildPhase section */

/* Begin PBXSourcesBuildPhase section */
		5FBE458A1EED449900D47EE9 /* Sources */ = {
			isa = PBXSourcesBuildPhase;
			buildActionMask = 2147483647;
			files = (
				5FBE45AD1EED44C200D47EE9 /* PDMenu.m in Sources */,
				5FBE45991EED449900D47EE9 /* ViewController.m in Sources */,
				5FBE45AE1EED44C200D47EE9 /* PDMenuCell.m in Sources */,
				5FBE45961EED449900D47EE9 /* AppDelegate.m in Sources */,
				5FBE45931EED449900D47EE9 /* main.m in Sources */,
			);
			runOnlyForDeploymentPostprocessing = 0;
		};
/* End PBXSourcesBuildPhase section */

/* Begin PBXVariantGroup section */
		5FBE459A1EED449900D47EE9 /* Main.storyboard */ = {
			isa = PBXVariantGroup;
			children = (
				5FBE459B1EED449900D47EE9 /* Base */,
			);
			name = Main.storyboard;
			sourceTree = "<group>";
		};
		5FBE459F1EED449900D47EE9 /* LaunchScreen.storyboard */ = {
			isa = PBXVariantGroup;
			children = (
				5FBE45A01EED449900D47EE9 /* Base */,
			);
			name = LaunchScreen.storyboard;
			sourceTree = "<group>";
		};
/* End PBXVariantGroup section */

/* Begin XCBuildConfiguration section */
		5FBE45A31EED449900D47EE9 /* Debug */ = {
			isa = XCBuildConfiguration;
			buildSettings = {
				ALWAYS_SEARCH_USER_PATHS = NO;
				CLANG_ANALYZER_NONNULL = YES;
				CLANG_CXX_LANGUAGE_STANDARD = "gnu++0x";
				CLANG_CXX_LIBRARY = "libc++";
				CLANG_ENABLE_MODULES = YES;
				CLANG_ENABLE_OBJC_ARC = YES;
				CLANG_WARN_BOOL_CONVERSION = YES;
				CLANG_WARN_CONSTANT_CONVERSION = YES;
				CLANG_WARN_DIRECT_OBJC_ISA_USAGE = YES_ERROR;
				CLANG_WARN_DOCUMENTATION_COMMENTS = YES;
				CLANG_WARN_EMPTY_BODY = YES;
				CLANG_WARN_ENUM_CONVERSION = YES;
				CLANG_WARN_INFINITE_RECURSION = YES;
				CLANG_WARN_INT_CONVERSION = YES;
				CLANG_WARN_OBJC_ROOT_CLASS = YES_ERROR;
				CLANG_WARN_SUSPICIOUS_MOVE = YES;
				CLANG_WARN_UNREACHABLE_CODE = YES;
				CLANG_WARN__DUPLICATE_METHOD_MATCH = YES;
				"CODE_SIGN_IDENTITY[sdk=iphoneos*]" = "iPhone Developer";
				COPY_PHASE_STRIP = NO;
				DEBUG_INFORMATION_FORMAT = dwarf;
				ENABLE_STRICT_OBJC_MSGSEND = YES;
				ENABLE_TESTABILITY = YES;
				GCC_C_LANGUAGE_STANDARD = gnu99;
				GCC_DYNAMIC_NO_PIC = NO;
				GCC_NO_COMMON_BLOCKS = YES;
				GCC_OPTIMIZATION_LEVEL = 0;
				GCC_PREPROCESSOR_DEFINITIONS = (
					"DEBUG=1",
					"$(inherited)",
				);
				GCC_WARN_64_TO_32_BIT_CONVERSION = YES;
				GCC_WARN_ABOUT_RETURN_TYPE = YES_ERROR;
				GCC_WARN_UNDECLARED_SELECTOR = YES;
				GCC_WARN_UNINITIALIZED_AUTOS = YES_AGGRESSIVE;
				GCC_WARN_UNUSED_FUNCTION = YES;
				GCC_WARN_UNUSED_VARIABLE = YES;
				IPHONEOS_DEPLOYMENT_TARGET = 10.2;
				MTL_ENABLE_DEBUG_INFO = YES;
				ONLY_ACTIVE_ARCH = YES;
				SDKROOT = iphoneos;
			};
			name = Debug;
		};
		5FBE45A41EED449900D47EE9 /* Release */ = {
			isa = XCBuildConfiguration;
			buildSettings = {
				ALWAYS_SEARCH_USER_PATHS = NO;
				CLANG_ANALYZER_NONNULL = YES;
				CLANG_CXX_LANGUAGE_STANDARD = "gnu++0x";
				CLANG_CXX_LIBRARY = "libc++";
				CLANG_ENABLE_MODULES = YES;
				CLANG_ENABLE_OBJC_ARC = YES;
				CLANG_WARN_BOOL_CONVERSION = YES;
				CLANG_WARN_CONSTANT_CONVERSION = YES;
				CLANG_WARN_DIRECT_OBJC_ISA_USAGE = YES_ERROR;
				CLANG_WARN_DOCUMENTATION_COMMENTS = YES;
				CLANG_WARN_EMPTY_BODY = YES;
				CLANG_WARN_ENUM_CONVERSION = YES;
				CLANG_WARN_INFINITE_RECURSION = YES;
				CLANG_WARN_INT_CONVERSION = YES;
				CLANG_WARN_OBJC_ROOT_CLASS = YES_ERROR;
				CLANG_WARN_SUSPICIOUS_MOVE = YES;
				CLANG_WARN_UNREACHABLE_CODE = YES;
				CLANG_WARN__DUPLICATE_METHOD_MATCH = YES;
				"CODE_SIGN_IDENTITY[sdk=iphoneos*]" = "iPhone Developer";
				COPY_PHASE_STRIP = NO;
				DEBUG_INFORMATION_FORMAT = "dwarf-with-dsym";
				ENABLE_NS_ASSERTIONS = NO;
				ENABLE_STRICT_OBJC_MSGSEND = YES;
				GCC_C_LANGUAGE_STANDARD = gnu99;
				GCC_NO_COMMON_BLOCKS = YES;
				GCC_WARN_64_TO_32_BIT_CONVERSION = YES;
				GCC_WARN_ABOUT_RETURN_TYPE = YES_ERROR;
				GCC_WARN_UNDECLARED_SELECTOR = YES;
				GCC_WARN_UNINITIALIZED_AUTOS = YES_AGGRESSIVE;
				GCC_WARN_UNUSED_FUNCTION = YES;
				GCC_WARN_UNUSED_VARIABLE = YES;
				IPHONEOS_DEPLOYMENT_TARGET = 10.2;
				MTL_ENABLE_DEBUG_INFO = NO;
				SDKROOT = iphoneos;
				VALIDATE_PRODUCT = YES;
			};
			name = Release;
		};
		5FBE45A61EED449900D47EE9 /* Debug */ = {
			isa = XCBuildConfiguration;
			buildSettings = {
				ASSETCATALOG_COMPILER_APPICON_NAME = AppIcon;
				INFOPLIST_FILE = PDMenuDemo/Info.plist;
				LD_RUNPATH_SEARCH_PATHS = "$(inherited) @executable_path/Frameworks";
				PRODUCT_BUNDLE_IDENTIFIER = Seven.ShenZhen.PDMenuDemo;
				PRODUCT_NAME = "$(TARGET_NAME)";
			};
			name = Debug;
		};
		5FBE45A71EED449900D47EE9 /* Release */ = {
			isa = XCBuildConfiguration;
			buildSettings = {
				ASSETCATALOG_COMPILER_APPICON_NAME = AppIcon;
				INFOPLIST_FILE = PDMenuDemo/Info.plist;
				LD_RUNPATH_SEARCH_PATHS = "$(inherited) @executable_path/Frameworks";
				PRODUCT_BUNDLE_IDENTIFIER = Seven.ShenZhen.PDMenuDemo;
				PRODUCT_NAME = "$(TARGET_NAME)";
			};
			name = Release;
		};
/* End XCBuildConfiguration section */

/* Begin XCConfigurationList section */
		5FBE45891EED449900D47EE9 /* Build configuration list for PBXProject "PDMenuDemo" */ = {
			isa = XCConfigurationList;
			buildConfigurations = (
				5FBE45A31EED449900D47EE9 /* Debug */,
				5FBE45A41EED449900D47EE9 /* Release */,
			);
			defaultConfigurationIsVisible = 0;
			defaultConfigurationName = Release;
		};
		5FBE45A51EED449900D47EE9 /* Build configuration list for PBXNativeTarget "PDMenuDemo" */ = {
			isa = XCConfigurationList;
			buildConfigurations = (
				5FBE45A61EED449900D47EE9 /* Debug */,
				5FBE45A71EED449900D47EE9 /* Release */,
			);
			defaultConfigurationIsVisible = 0;
		};
/* End XCConfigurationList section */
	};
	rootObject = 5FBE45861EED449900D47EE9 /* Project object */;
}
